
Microsoft Visual Studio Solution File, Format Version 12.00
# Visual Studio Version 17
VisualStudioVersion = 17.7.34031.279
MinimumVisualStudioVersion = 10.0.40219.1
Project("{FAE04EC0-301F-11D3-BF4B-00C04F79EFBC}") = "Phoenix", "Phoenix\Phoenix.csproj", "{246A0281-8194-423B-BE47-F0F6D2EB8D2B}"
EndProject
Project("{FAE04EC0-301F-11D3-BF4B-00C04F79EFBC}") = "Phoenix.DAL", "Phoenix.DAL\Phoenix.DAL.csproj", "{9C8103FB-D54F-49BF-90EC-9CD802D07A90}"
EndProject
Project("{FAE04EC0-301F-11D3-BF4B-00C04F79EFBC}") = "Phoenix.BLL", "Phoenix.BLL\Phoenix.BLL.csproj", "{06CE114A-9871-4847-8F3E-24DDF7086DF0}"
EndProject
Global
	GlobalSection(SolutionConfigurationPlatforms) = preSolution
		Debug|Any CPU = Debug|Any CPU
		Release|Any CPU = Release|Any CPU
	EndGlobalSection
	GlobalSection(ProjectConfigurationPlatforms) = postSolution
		{246A0281-8194-423B-BE47-F0F6D2EB8D2B}.Debug|Any CPU.ActiveCfg = Debug|Any CPU
		{246A0281-8194-423B-BE47-F0F6D2EB8D2B}.Debug|Any CPU.Build.0 = Debug|Any CPU
		{246A0281-8194-423B-BE47-F0F6D2EB8D2B}.Release|Any CPU.ActiveCfg = Release|Any CPU
		{246A0281-8194-423B-BE47-F0F6D2EB8D2B}.Release|Any CPU.Build.0 = Release|Any CPU
		{9C8103FB-D54F-49BF-90EC-9CD802D07A90}.Debug|Any CPU.ActiveCfg = Debug|Any CPU
		{9C8103FB-D54F-49BF-90EC-9CD802D07A90}.Debug|Any CPU.Build.0 = Debug|Any CPU
		{9C8103FB-D54F-49BF-90EC-9CD802D07A90}.Release|Any CPU.ActiveCfg = Release|Any CPU
		{9C8103FB-D54F-49BF-90EC-9CD802D07A90}.Release|Any CPU.Build.0 = Release|Any CPU
		{06CE114A-9871-4847-8F3E-24DDF7086DF0}.Debug|Any CPU.ActiveCfg = Debug|Any CPU
		{06CE114A-9871-4847-8F3E-24DDF7086DF0}.Debug|Any CPU.Build.0 = Debug|Any CPU
		{06CE114A-9871-4847-8F3E-24DDF7086DF0}.Release|Any CPU.ActiveCfg = Release|Any CPU
		{06CE114A-9871-4847-8F3E-24DDF7086DF0}.Release|Any CPU.Build.0 = Release|Any CPU
	EndGlobalSection
	GlobalSection(SolutionProperties) = preSolution
		HideSolutionNode = FALSE
	EndGlobalSection
	GlobalSection(ExtensibilityGlobals) = postSolution
		SolutionGuid = {3ADDB0EB-F73E-42B9-9174-4CF65A7B9417}
	EndGlobalSection
EndGlobal
